// !$*UTF8*$!
{
	archiveVersion = 1;
	classes = {
	};
	objectVersion = 56;
	objects = {

/* Begin PBXBuildFile section */
		9D4DFAAC2C76CAA900FDFAD9 /* CategoryCell.swift in Sources */ = {isa = PBXBuildFile; fileRef = 9D4DFAAA2C76CAA900FDFAD9 /* CategoryCell.swift */; };
		9D4DFAAD2C76CAA900FDFAD9 /* CategoryCell.xib in Resources */ = {isa = PBXBuildFile; fileRef = 9D4DFAAB2C76CAA900FDFAD9 /* CategoryCell.xib */; };
		9D4DFAB02C76CABB00FDFAD9 /* BannerCell.swift in Sources */ = {isa = PBXBuildFile; fileRef = 9D4DFAAE2C76CABB00FDFAD9 /* BannerCell.swift */; };
		9D4DFAB12C76CABB00FDFAD9 /* BannerCell.xib in Resources */ = {isa = PBXBuildFile; fileRef = 9D4DFAAF2C76CABB00FDFAD9 /* BannerCell.xib */; };
		9D4DFAB42C76CB0100FDFAD9 /* AppsCell.swift in Sources */ = {isa = PBXBuildFile; fileRef = 9D4DFAB22C76CB0100FDFAD9 /* AppsCell.swift */; };
		9D4DFAB52C76CB0100FDFAD9 /* AppsCell.xib in Resources */ = {isa = PBXBuildFile; fileRef = 9D4DFAB32C76CB0100FDFAD9 /* AppsCell.xib */; };
		9D4DFAB72C7708DD00FDFAD9 /* Category.swift in Sources */ = {isa = PBXBuildFile; fileRef = 9D4DFAB62C7708DD00FDFAD9 /* Category.swift */; };
		9D4DFAB92C77092700FDFAD9 /* Banner.swift in Sources */ = {isa = PBXBuildFile; fileRef = 9D4DFAB82C77092700FDFAD9 /* Banner.swift */; };
		9D4DFABB2C77096C00FDFAD9 /* App.swift in Sources */ = {isa = PBXBuildFile; fileRef = 9D4DFABA2C77096C00FDFAD9 /* App.swift */; };
		9D4DFABD2C7724BF00FDFAD9 /* Observerable.swift in Sources */ = {isa = PBXBuildFile; fileRef = 9D4DFABC2C7724BF00FDFAD9 /* Observerable.swift */; };
		9DE705D42C76428000826D64 /* AppDelegate.swift in Sources */ = {isa = PBXBuildFile; fileRef = 9DE705D32C76428000826D64 /* AppDelegate.swift */; };
		9DE705D82C76428000826D64 /* AppsViewController.swift in Sources */ = {isa = PBXBuildFile; fileRef = 9DE705D72C76428000826D64 /* AppsViewController.swift */; };
		9DE705DD2C76428100826D64 /* Assets.xcassets in Resources */ = {isa = PBXBuildFile; fileRef = 9DE705DC2C76428100826D64 /* Assets.xcassets */; };
		9DE705E02C76428100826D64 /* LaunchScreen.storyboard in Resources */ = {isa = PBXBuildFile; fileRef = 9DE705DE2C76428100826D64 /* LaunchScreen.storyboard */; };
		E49D5475D27B03D7114DC7C0 /* Pods_AppStoreAppsTab.framework in Frameworks */ = {isa = PBXBuildFile; fileRef = 7F42DDBACA42FE1C72671352 /* Pods_AppStoreAppsTab.framework */; };
/* End PBXBuildFile section */

/* Begin PBXFileReference section */
		25FFF62DA7CB1E4A263BFD33 /* Pods-AppStoreAppsTab.debug.xcconfig */ = {isa = PBXFileReference; includeInIndex = 1; lastKnownFileType = text.xcconfig; name = "Pods-AppStoreAppsTab.debug.xcconfig"; path = "Target Support Files/Pods-AppStoreAppsTab/Pods-AppStoreAppsTab.debug.xcconfig"; sourceTree = "<group>"; };
		7F42DDBACA42FE1C72671352 /* Pods_AppStoreAppsTab.framework */ = {isa = PBXFileReference; explicitFileType = wrapper.framework; includeInIndex = 0; path = Pods_AppStoreAppsTab.framework; sourceTree = BUILT_PRODUCTS_DIR; };
		9D4DFAAA2C76CAA900FDFAD9 /* CategoryCell.swift */ = {isa = PBXFileReference; lastKnownFileType = sourcecode.swift; path = CategoryCell.swift; sourceTree = "<group>"; };
		9D4DFAAB2C76CAA900FDFAD9 /* CategoryCell.xib */ = {isa = PBXFileReference; lastKnownFileType = file.xib; path = CategoryCell.xib; sourceTree = "<group>"; };
		9D4DFAAE2C76CABB00FDFAD9 /* BannerCell.swift */ = {isa = PBXFileReference; lastKnownFileType = sourcecode.swift; path = BannerCell.swift; sourceTree = "<group>"; };
		9D4DFAAF2C76CABB00FDFAD9 /* BannerCell.xib */ = {isa = PBXFileReference; lastKnownFileType = file.xib; path = BannerCell.xib; sourceTree = "<group>"; };
		9D4DFAB22C76CB0100FDFAD9 /* AppsCell.swift */ = {isa = PBXFileReference; lastKnownFileType = sourcecode.swift; path = AppsCell.swift; sourceTree = "<group>"; };
		9D4DFAB32C76CB0100FDFAD9 /* AppsCell.xib */ = {isa = PBXFileReference; lastKnownFileType = file.xib; path = AppsCell.xib; sourceTree = "<group>"; };
		9D4DFAB62C7708DD00FDFAD9 /* Category.swift */ = {isa = PBXFileReference; lastKnownFileType = sourcecode.swift; path = Category.swift; sourceTree = "<group>"; };
		9D4DFAB82C77092700FDFAD9 /* Banner.swift */ = {isa = PBXFileReference; lastKnownFileType = sourcecode.swift; path = Banner.swift; sourceTree = "<group>"; };
		9D4DFABA2C77096C00FDFAD9 /* App.swift */ = {isa = PBXFileReference; lastKnownFileType = sourcecode.swift; path = App.swift; sourceTree = "<group>"; };
		9D4DFABC2C7724BF00FDFAD9 /* Observerable.swift */ = {isa = PBXFileReference; lastKnownFileType = sourcecode.swift; path = Observerable.swift; sourceTree = "<group>"; };
		9DE705D02C76428000826D64 /* AppStoreAppsTab.app */ = {isa = PBXFileReference; explicitFileType = wrapper.application; includeInIndex = 0; path = AppStoreAppsTab.app; sourceTree = BUILT_PRODUCTS_DIR; };
		9DE705D32C76428000826D64 /* AppDelegate.swift */ = {isa = PBXFileReference; lastKnownFileType = sourcecode.swift; path = AppDelegate.swift; sourceTree = "<group>"; };
		9DE705D72C76428000826D64 /* AppsViewController.swift */ = {isa = PBXFileReference; lastKnownFileType = sourcecode.swift; path = AppsViewController.swift; sourceTree = "<group>"; };
		9DE705DC2C76428100826D64 /* Assets.xcassets */ = {isa = PBXFileReference; lastKnownFileType = folder.assetcatalog; path = Assets.xcassets; sourceTree = "<group>"; };
		9DE705DF2C76428100826D64 /* Base */ = {isa = PBXFileReference; lastKnownFileType = file.storyboard; name = Base; path = Base.lproj/LaunchScreen.storyboard; sourceTree = "<group>"; };
		9DE705E12C76428100826D64 /* Info.plist */ = {isa = PBXFileReference; lastKnownFileType = text.plist.xml; path = Info.plist; sourceTree = "<group>"; };
		C2E987F91A853244CC8C3969 /* Pods-AppStoreAppsTab.release.xcconfig */ = {isa = PBXFileReference; includeInIndex = 1; lastKnownFileType = text.xcconfig; name = "Pods-AppStoreAppsTab.release.xcconfig"; path = "Target Support Files/Pods-AppStoreAppsTab/Pods-AppStoreAppsTab.release.xcconfig"; sourceTree = "<group>"; };
/* End PBXFileReference section */

/* Begin PBXFrameworksBuildPhase section */
		9DE705CD2C76428000826D64 /* Frameworks */ = {
			isa = PBXFrameworksBuildPhase;
			buildActionMask = 2147483647;
			files = (
				E49D5475D27B03D7114DC7C0 /* Pods_AppStoreAppsTab.framework in Frameworks */,
			);
			runOnlyForDeploymentPostprocessing = 0;
		};
/* End PBXFrameworksBuildPhase section */

/* Begin PBXGroup section */
		206FE7A457A1E41EE9DD82BE /* Frameworks */ = {
			isa = PBXGroup;
			children = (
				7F42DDBACA42FE1C72671352 /* Pods_AppStoreAppsTab.framework */,
			);
			name = Frameworks;
			sourceTree = "<group>";
		};
		9DE705C72C76428000826D64 = {
			isa = PBXGroup;
			children = (
				9DE705D22C76428000826D64 /* AppStoreAppsTab */,
				9DE705D12C76428000826D64 /* Products */,
				D488F7D26107A85CC6C1CF92 /* Pods */,
				206FE7A457A1E41EE9DD82BE /* Frameworks */,
			);
			sourceTree = "<group>";
		};
		9DE705D12C76428000826D64 /* Products */ = {
			isa = PBXGroup;
			children = (
				9DE705D02C76428000826D64 /* AppStoreAppsTab.app */,
			);
			name = Products;
			sourceTree = "<group>";
		};
		9DE705D22C76428000826D64 /* AppStoreAppsTab */ = {
			isa = PBXGroup;
			children = (
				9DE705D32C76428000826D64 /* AppDelegate.swift */,
				9DE705D72C76428000826D64 /* AppsViewController.swift */,
				9DE705DC2C76428100826D64 /* Assets.xcassets */,
				9DE705DE2C76428100826D64 /* LaunchScreen.storyboard */,
				9DE705E12C76428100826D64 /* Info.plist */,
				9D4DFAAA2C76CAA900FDFAD9 /* CategoryCell.swift */,
				9D4DFAAB2C76CAA900FDFAD9 /* CategoryCell.xib */,
				9D4DFAAE2C76CABB00FDFAD9 /* BannerCell.swift */,
				9D4DFAAF2C76CABB00FDFAD9 /* BannerCell.xib */,
				9D4DFAB22C76CB0100FDFAD9 /* AppsCell.swift */,
				9D4DFAB32C76CB0100FDFAD9 /* AppsCell.xib */,
				9D4DFAB62C7708DD00FDFAD9 /* Category.swift */,
				9D4DFAB82C77092700FDFAD9 /* Banner.swift */,
				9D4DFABA2C77096C00FDFAD9 /* App.swift */,
				9D4DFABC2C7724BF00FDFAD9 /* Observerable.swift */,
			);
			path = AppStoreAppsTab;
			sourceTree = "<group>";
		};
		D488F7D26107A85CC6C1CF92 /* Pods */ = {
			isa = PBXGroup;
			children = (
				25FFF62DA7CB1E4A263BFD33 /* Pods-AppStoreAppsTab.debug.xcconfig */,
				C2E987F91A853244CC8C3969 /* Pods-AppStoreAppsTab.release.xcconfig */,
			);
			path = Pods;
			sourceTree = "<group>";
		};
/* End PBXGroup section */

/* Begin PBXNativeTarget section */
		9DE705CF2C76428000826D64 /* AppStoreAppsTab */ = {
			isa = PBXNativeTarget;
			buildConfigurationList = 9DE705E42C76428100826D64 /* Build configuration list for PBXNativeTarget "AppStoreAppsTab" */;
			buildPhases = (
				4C609B72DB8D7A63F77C143B /* [CP] Check Pods Manifest.lock */,
				9DE705CC2C76428000826D64 /* Sources */,
				9DE705CD2C76428000826D64 /* Frameworks */,
				9DE705CE2C76428000826D64 /* Resources */,
			);
			buildRules = (
			);
			dependencies = (
			);
			name = AppStoreAppsTab;
			productName = AppStoreAppsTab;
			productReference = 9DE705D02C76428000826D64 /* AppStoreAppsTab.app */;
			productType = "com.apple.product-type.application";
		};
/* End PBXNativeTarget section */

/* Begin PBXProject section */
		9DE705C82C76428000826D64 /* Project object */ = {
			isa = PBXProject;
			attributes = {
				BuildIndependentTargetsInParallel = 1;
				LastSwiftUpdateCheck = 1520;
				LastUpgradeCheck = 1520;
				TargetAttributes = {
					9DE705CF2C76428000826D64 = {
						CreatedOnToolsVersion = 15.2;
					};
				};
			};
			buildConfigurationList = 9DE705CB2C76428000826D64 /* Build configuration list for PBXProject "AppStoreAppsTab" */;
			compatibilityVersion = "Xcode 14.0";
			developmentRegion = en;
			hasScannedForEncodings = 0;
			knownRegions = (
				en,
				Base,
			);
			mainGroup = 9DE705C72C76428000826D64;
			productRefGroup = 9DE705D12C76428000826D64 /* Products */;
			projectDirPath = "";
			projectRoot = "";
			targets = (
				9DE705CF2C76428000826D64 /* AppStoreAppsTab */,
			);
		};
/* End PBXProject section */

/* Begin PBXResourcesBuildPhase section */
		9DE705CE2C76428000826D64 /* Resources */ = {
			isa = PBXResourcesBuildPhase;
			buildActionMask = 2147483647;
			files = (
				9DE705E02C76428100826D64 /* LaunchScreen.storyboard in Resources */,
				9D4DFAB52C76CB0100FDFAD9 /* AppsCell.xib in Resources */,
				9DE705DD2C76428100826D64 /* Assets.xcassets in Resources */,
				9D4DFAAD2C76CAA900FDFAD9 /* CategoryCell.xib in Resources */,
				9D4DFAB12C76CABB00FDFAD9 /* BannerCell.xib in Resources */,
			);
			runOnlyForDeploymentPostprocessing = 0;
		};
/* End PBXResourcesBuildPhase section */

/* Begin PBXShellScriptBuildPhase section */
		4C609B72DB8D7A63F77C143B /* [CP] Check Pods Manifest.lock */ = {
			isa = PBXShellScriptBuildPhase;
			buildActionMask = 2147483647;
			files = (
			);
			inputFileListPaths = (
			);
			inputPaths = (
				"${PODS_PODFILE_DIR_PATH}/Podfile.lock",
				"${PODS_ROOT}/Manifest.lock",
			);
			name = "[CP] Check Pods Manifest.lock";
			outputFileListPaths = (
			);
			outputPaths = (
				"$(DERIVED_FILE_DIR)/Pods-AppStoreAppsTab-checkManifestLockResult.txt",
			);
			runOnlyForDeploymentPostprocessing = 0;
			shellPath = /bin/sh;
			shellScript = "diff \"${PODS_PODFILE_DIR_PATH}/Podfile.lock\" \"${PODS_ROOT}/Manifest.lock\" > /dev/null\nif [ $? != 0 ] ; then\n    # print error to STDERR\n    echo \"error: The sandbox is not in sync with the Podfile.lock. Run 'pod install' or update your CocoaPods installation.\" >&2\n    exit 1\nfi\n# This output is used by Xcode 'outputs' to avoid re-running this script phase.\necho \"SUCCESS\" > \"${SCRIPT_OUTPUT_FILE_0}\"\n";
			showEnvVarsInLog = 0;
		};
/* End PBXShellScriptBuildPhase section */

/* Begin PBXSourcesBuildPhase section */
		9DE705CC2C76428000826D64 /* Sources */ = {
			isa = PBXSourcesBuildPhase;
			buildActionMask = 2147483647;
			files = (
				9DE705D82C76428000826D64 /* AppsViewController.swift in Sources */,
				9D4DFABB2C77096C00FDFAD9 /* App.swift in Sources */,
				9D4DFABD2C7724BF00FDFAD9 /* Observerable.swift in Sources */,
				9D4DFAB02C76CABB00FDFAD9 /* BannerCell.swift in Sources */,
				9DE705D42C76428000826D64 /* AppDelegate.swift in Sources */,
				9D4DFAB42C76CB0100FDFAD9 /* AppsCell.swift in Sources */,
				9D4DFAB92C77092700FDFAD9 /* Banner.swift in Sources */,
				9D4DFAAC2C76CAA900FDFAD9 /* CategoryCell.swift in Sources */,
				9D4DFAB72C7708DD00FDFAD9 /* Category.swift in Sources */,
			);
			runOnlyForDeploymentPostprocessing = 0;
		};
/* End PBXSourcesBuildPhase section */

/* Begin PBXVariantGroup section */
		9DE705DE2C76428100826D64 /* LaunchScreen.storyboard */ = {
			isa = PBXVariantGroup;
			children = (
				9DE705DF2C76428100826D64 /* Base */,
			);
			name = LaunchScreen.storyboard;
			sourceTree = "<group>";
		};
/* End PBXVariantGroup section */

/* Begin XCBuildConfiguration section */
		9DE705E22C76428100826D64 /* Debug */ = {
			isa = XCBuildConfiguration;
			buildSettings = {
				ALWAYS_SEARCH_USER_PATHS = NO;
				ASSETCATALOG_COMPILER_GENERATE_SWIFT_ASSET_SYMBOL_EXTENSIONS = YES;
				CLANG_ANALYZER_NONNULL = YES;
				CLANG_ANALYZER_NUMBER_OBJECT_CONVERSION = YES_AGGRESSIVE;
				CLANG_CXX_LANGUAGE_STANDARD = "gnu++20";
				CLANG_ENABLE_MODULES = YES;
				CLANG_ENABLE_OBJC_ARC = YES;
				CLANG_ENABLE_OBJC_WEAK = YES;
				CLANG_WARN_BLOCK_CAPTURE_AUTORELEASING = YES;
				CLANG_WARN_BOOL_CONVERSION = YES;
				CLANG_WARN_COMMA = YES;
				CLANG_WARN_CONSTANT_CONVERSION = YES;
				CLANG_WARN_DEPRECATED_OBJC_IMPLEMENTATIONS = YES;
				CLANG_WARN_DIRECT_OBJC_ISA_USAGE = YES_ERROR;
				CLANG_WARN_DOCUMENTATION_COMMENTS = YES;
				CLANG_WARN_EMPTY_BODY = YES;
				CLANG_WARN_ENUM_CONVERSION = YES;
				CLANG_WARN_INFINITE_RECURSION = YES;
				CLANG_WARN_INT_CONVERSION = YES;
				CLANG_WARN_NON_LITERAL_NULL_CONVERSION = YES;
				CLANG_WARN_OBJC_IMPLICIT_RETAIN_SELF = YES;
				CLANG_WARN_OBJC_LITERAL_CONVERSION = YES;
				CLANG_WARN_OBJC_ROOT_CLASS = YES_ERROR;
				CLANG_WARN_QUOTED_INCLUDE_IN_FRAMEWORK_HEADER = YES;
				CLANG_WARN_RANGE_LOOP_ANALYSIS = YES;
				CLANG_WARN_STRICT_PROTOTYPES = YES;
				CLANG_WARN_SUSPICIOUS_MOVE = YES;
				CLANG_WARN_UNGUARDED_AVAILABILITY = YES_AGGRESSIVE;
				CLANG_WARN_UNREACHABLE_CODE = YES;
				CLANG_WARN__DUPLICATE_METHOD_MATCH = YES;
				COPY_PHASE_STRIP = NO;
				DEBUG_INFORMATION_FORMAT = dwarf;
				ENABLE_STRICT_OBJC_MSGSEND = YES;
				ENABLE_TESTABILITY = YES;
				ENABLE_USER_SCRIPT_SANDBOXING = YES;
				GCC_C_LANGUAGE_STANDARD = gnu17;
				GCC_DYNAMIC_NO_PIC = NO;
				GCC_NO_COMMON_BLOCKS = YES;
				GCC_OPTIMIZATION_LEVEL = 0;
				GCC_PREPROCESSOR_DEFINITIONS = (
					"DEBUG=1",
					"$(inherited)",
				);
				GCC_WARN_64_TO_32_BIT_CONVERSION = YES;
				GCC_WARN_ABOUT_RETURN_TYPE = YES_ERROR;
				GCC_WARN_UNDECLARED_SELECTOR = YES;
				GCC_WARN_UNINITIALIZED_AUTOS = YES_AGGRESSIVE;
				GCC_WARN_UNUSED_FUNCTION = YES;
				GCC_WARN_UNUSED_VARIABLE = YES;
				IPHONEOS_DEPLOYMENT_TARGET = 17.2;
				LOCALIZATION_PREFERS_STRING_CATALOGS = YES;
				MTL_ENABLE_DEBUG_INFO = INCLUDE_SOURCE;
				MTL_FAST_MATH = YES;
				ONLY_ACTIVE_ARCH = YES;
				SDKROOT = iphoneos;
				SWIFT_ACTIVE_COMPILATION_CONDITIONS = "DEBUG $(inherited)";
				SWIFT_OPTIMIZATION_LEVEL = "-Onone";
			};
			name = Debug;
		};
		9DE705E32C76428100826D64 /* Release */ = {
			isa = XCBuildConfiguration;
			buildSettings = {
				ALWAYS_SEARCH_USER_PATHS = NO;
				ASSETCATALOG_COMPILER_GENERATE_SWIFT_ASSET_SYMBOL_EXTENSIONS = YES;
				CLANG_ANALYZER_NONNULL = YES;
				CLANG_ANALYZER_NUMBER_OBJECT_CONVERSION = YES_AGGRESSIVE;
				CLANG_CXX_LANGUAGE_STANDARD = "gnu++20";
				CLANG_ENABLE_MODULES = YES;
				CLANG_ENABLE_OBJC_ARC = YES;
				CLANG_ENABLE_OBJC_WEAK = YES;
				CLANG_WARN_BLOCK_CAPTURE_AUTORELEASING = YES;
				CLANG_WARN_BOOL_CONVERSION = YES;
				CLANG_WARN_COMMA = YES;
				CLANG_WARN_CONSTANT_CONVERSION = YES;
				CLANG_WARN_DEPRECATED_OBJC_IMPLEMENTATIONS = YES;
				CLANG_WARN_DIRECT_OBJC_ISA_USAGE = YES_ERROR;
				CLANG_WARN_DOCUMENTATION_COMMENTS = YES;
				CLANG_WARN_EMPTY_BODY = YES;
				CLANG_WARN_ENUM_CONVERSION = YES;
				CLANG_WARN_INFINITE_RECURSION = YES;
				CLANG_WARN_INT_CONVERSION = YES;
				CLANG_WARN_NON_LITERAL_NULL_CONVERSION = YES;
				CLANG_WARN_OBJC_IMPLICIT_RETAIN_SELF = YES;
				CLANG_WARN_OBJC_LITERAL_CONVERSION = YES;
				CLANG_WARN_OBJC_ROOT_CLASS = YES_ERROR;
				CLANG_WARN_QUOTED_INCLUDE_IN_FRAMEWORK_HEADER = YES;
				CLANG_WARN_RANGE_LOOP_ANALYSIS = YES;
				CLANG_WARN_STRICT_PROTOTYPES = YES;
				CLANG_WARN_SUSPICIOUS_MOVE = YES;
				CLANG_WARN_UNGUARDED_AVAILABILITY = YES_AGGRESSIVE;
				CLANG_WARN_UNREACHABLE_CODE = YES;
				CLANG_WARN__DUPLICATE_METHOD_MATCH = YES;
				COPY_PHASE_STRIP = NO;
				DEBUG_INFORMATION_FORMAT = "dwarf-with-dsym";
				ENABLE_NS_ASSERTIONS = NO;
				ENABLE_STRICT_OBJC_MSGSEND = YES;
				ENABLE_USER_SCRIPT_SANDBOXING = YES;
				GCC_C_LANGUAGE_STANDARD = gnu17;
				GCC_NO_COMMON_BLOCKS = YES;
				GCC_WARN_64_TO_32_BIT_CONVERSION = YES;
				GCC_WARN_ABOUT_RETURN_TYPE = YES_ERROR;
				GCC_WARN_UNDECLARED_SELECTOR = YES;
				GCC_WARN_UNINITIALIZED_AUTOS = YES_AGGRESSIVE;
				GCC_WARN_UNUSED_FUNCTION = YES;
				GCC_WARN_UNUSED_VARIABLE = YES;
				IPHONEOS_DEPLOYMENT_TARGET = 17.2;
				LOCALIZATION_PREFERS_STRING_CATALOGS = YES;
				MTL_ENABLE_DEBUG_INFO = NO;
				MTL_FAST_MATH = YES;
				SDKROOT = iphoneos;
				SWIFT_COMPILATION_MODE = wholemodule;
				VALIDATE_PRODUCT = YES;
			};
			name = Release;
		};
		9DE705E52C76428100826D64 /* Debug */ = {
			isa = XCBuildConfiguration;
			baseConfigurationReference = 25FFF62DA7CB1E4A263BFD33 /* Pods-AppStoreAppsTab.debug.xcconfig */;
			buildSettings = {
				ASSETCATALOG_COMPILER_APPICON_NAME = AppIcon;
				ASSETCATALOG_COMPILER_GLOBAL_ACCENT_COLOR_NAME = AccentColor;
				CODE_SIGN_STYLE = Automatic;
				CURRENT_PROJECT_VERSION = 1;
				DEVELOPMENT_TEAM = LA65S76R5H;
				GENERATE_INFOPLIST_FILE = YES;
				INFOPLIST_FILE = AppStoreAppsTab/Info.plist;
				INFOPLIST_KEY_UIApplicationSupportsIndirectInputEvents = YES;
				INFOPLIST_KEY_UILaunchStoryboardName = LaunchScreen;
				INFOPLIST_KEY_UISupportedInterfaceOrientations_iPad = "UIInterfaceOrientationPortrait UIInterfaceOrientationPortraitUpsideDown UIInterfaceOrientationLandscapeLeft UIInterfaceOrientationLandscapeRight";
				INFOPLIST_KEY_UISupportedInterfaceOrientations_iPhone = "UIInterfaceOrientationPortrait UIInterfaceOrientationLandscapeLeft UIInterfaceOrientationLandscapeRight";
				LD_RUNPATH_SEARCH_PATHS = (
					"$(inherited)",
					"@executable_path/Frameworks",
				);
				MARKETING_VERSION = 1.0;
				PRODUCT_BUNDLE_IDENTIFIER = vit.com.AppStoreAppsTab;
				PRODUCT_NAME = "$(TARGET_NAME)";
				SUPPORTED_PLATFORMS = "iphoneos iphonesimulator";
				SUPPORTS_MACCATALYST = NO;
				SUPPORTS_MAC_DESIGNED_FOR_IPHONE_IPAD = NO;
				SUPPORTS_XR_DESIGNED_FOR_IPHONE_IPAD = NO;
				SWIFT_EMIT_LOC_STRINGS = YES;
				SWIFT_VERSION = 5.0;
				TARGETED_DEVICE_FAMILY = 1;
			};
			name = Debug;
		};
		9DE705E62C76428100826D64 /* Release */ = {
			isa = XCBuildConfiguration;
			baseConfigurationReference = C2E987F91A853244CC8C3969 /* Pods-AppStoreAppsTab.release.xcconfig */;
			buildSettings = {
				ASSETCATALOG_COMPILER_APPICON_NAME = AppIcon;
				ASSETCATALOG_COMPILER_GLOBAL_ACCENT_COLOR_NAME = AccentColor;
				CODE_SIGN_STYLE = Automatic;
				CURRENT_PROJECT_VERSION = 1;
				DEVELOPMENT_TEAM = LA65S76R5H;
				GENERATE_INFOPLIST_FILE = YES;
				INFOPLIST_FILE = AppStoreAppsTab/Info.plist;
				INFOPLIST_KEY_UIApplicationSupportsIndirectInputEvents = YES;
				INFOPLIST_KEY_UILaunchStoryboardName = LaunchScreen;
				INFOPLIST_KEY_UISupportedInterfaceOrientations_iPad = "UIInterfaceOrientationPortrait UIInterfaceOrientationPortraitUpsideDown UIInterfaceOrientationLandscapeLeft UIInterfaceOrientationLandscapeRight";
				INFOPLIST_KEY_UISupportedInterfaceOrientations_iPhone = "UIInterfaceOrientationPortrait UIInterfaceOrientationLandscapeLeft UIInterfaceOrientationLandscapeRight";
				LD_RUNPATH_SEARCH_PATHS = (
					"$(inherited)",
					"@executable_path/Frameworks",
				);
				MARKETING_VERSION = 1.0;
				PRODUCT_BUNDLE_IDENTIFIER = vit.com.AppStoreAppsTab;
				PRODUCT_NAME = "$(TARGET_NAME)";
				SUPPORTED_PLATFORMS = "iphoneos iphonesimulator";
				SUPPORTS_MACCATALYST = NO;
				SUPPORTS_MAC_DESIGNED_FOR_IPHONE_IPAD = NO;
				SUPPORTS_XR_DESIGNED_FOR_IPHONE_IPAD = NO;
				SWIFT_EMIT_LOC_STRINGS = YES;
				SWIFT_VERSION = 5.0;
				TARGETED_DEVICE_FAMILY = 1;
			};
			name = Release;
		};
/* End XCBuildConfiguration section */

/* Begin XCConfigurationList section */
		9DE705CB2C76428000826D64 /* Build configuration list for PBXProject "AppStoreAppsTab" */ = {
			isa = XCConfigurationList;
			buildConfigurations = (
				9DE705E22C76428100826D64 /* Debug */,
				9DE705E32C76428100826D64 /* Release */,
			);
			defaultConfigurationIsVisible = 0;
			defaultConfigurationName = Release;
		};
		9DE705E42C76428100826D64 /* Build configuration list for PBXNativeTarget "AppStoreAppsTab" */ = {
			isa = XCConfigurationList;
			buildConfigurations = (
				9DE705E52C76428100826D64 /* Debug */,
				9DE705E62C76428100826D64 /* Release */,
			);
			defaultConfigurationIsVisible = 0;
			defaultConfigurationName = Release;
		};
/* End XCConfigurationList section */
	};
	rootObject = 9DE705C82C76428000826D64 /* Project object */;
}
